PODS:
  - Flutter (1.0.0)
  - unlock_detector (1.0.0):
    - Flutter

DEPENDENCIES:
  - Flutter (from `Flutter`)
  - unlock_detector (from `.symlinks/plugins/unlock_detector/ios`)

EXTERNAL SOURCES:
  Flutter:
    :path: Flutter
  unlock_detector:
    :path: ".symlinks/plugins/unlock_detector/ios"

SPEC CHECKSUMS:
  Flutter: cabc95a1d2626b1b06e7179b784ebcf0c0cde467
  unlock_detector: 798909436b39c914038aeaf776b4c07fd94ed1bc

PODFILE CHECKSUM: 4f1c12611da7338d21589c0b2ecd6bd20b109694

COCOAPODS: 1.16.2
