PODS:
  - FlutterMacOS (1.0.0)
  - unlock_detector (1.3.0):
    - FlutterMacOS

DEPENDENCIES:
  - FlutterMacOS (from `Flutter/ephemeral`)
  - unlock_detector (from `Flutter/ephemeral/.symlinks/plugins/unlock_detector/macos`)

EXTERNAL SOURCES:
  FlutterMacOS:
    :path: Flutter/ephemeral
  unlock_detector:
    :path: Flutter/ephemeral/.symlinks/plugins/unlock_detector/macos

SPEC CHECKSUMS:
  FlutterMacOS: c232990155153907050900a2e175c7773903ba4e
  unlock_detector: 1adc3e35e29da8c85e5729ca543be51e230eb542

PODFILE CHECKSUM: 1e95c36afbfd1cb6423ceca4de7a8e1b256fb6ac

COCOAPODS: 1.17.0
